
Microsoft Visual Studio Solution File, Format Version 12.00
# Visual Studio Version 17
VisualStudioVersion = 17.10.35013.160
MinimumVisualStudioVersion = 10.0.40219.1
Project("{FAE04EC0-301F-11D3-BF4B-00C04F79EFBC}") = "MVCRevision", "MVCRevision\MVCRevision.csproj", "{6A2CD8C5-5C7E-42FE-9151-AABE890B14E8}"
EndProject
Global
	GlobalSection(SolutionConfigurationPlatforms) = preSolution
		Debug|Any CPU = Debug|Any CPU
		Release|Any CPU = Release|Any CPU
	EndGlobalSection
	GlobalSection(ProjectConfigurationPlatforms) = postSolution
		{6A2CD8C5-5C7E-42FE-9151-AABE890B14E8}.Debug|Any CPU.ActiveCfg = Debug|Any CPU
		{6A2CD8C5-5C7E-42FE-9151-AABE890B14E8}.Debug|Any CPU.Build.0 = Debug|Any CPU
		{6A2CD8C5-5C7E-42FE-9151-AABE890B14E8}.Release|Any CPU.ActiveCfg = Release|Any CPU
		{6A2CD8C5-5C7E-42FE-9151-AABE890B14E8}.Release|Any CPU.Build.0 = Release|Any CPU
	EndGlobalSection
	GlobalSection(SolutionProperties) = preSolution
		HideSolutionNode = FALSE
	EndGlobalSection
	GlobalSection(ExtensibilityGlobals) = postSolution
		SolutionGuid = {FD013241-106B-4834-93A1-DDA3A56B8F2A}
	EndGlobalSection
EndGlobal
